{
	"name": "exdb_data",
	"lockfileVersion": 3,
	"requires": true,
	"packages": {
		"node_modules/.pnpm/json2ts@0.0.7": {
			"extraneous": true
		},
		"node_modules/.pnpm/underscore@1.13.7/node_modules/underscore": {
			"version": "1.13.7",
			"extraneous": true,
			"license": "MIT",
			"devDependencies": {
				"coveralls": "^3.1.1",
				"cpy-cli": "^3.1.1",
				"docco": "^0.8.0",
				"eslint": "^6.8.0",
				"eslint-plugin-import": "^2.20.1",
				"glob": "^7.1.6",
				"gzip-size-cli": "^1.0.0",
				"husky": "^4.2.3",
				"karma": "^4.4.1",
				"karma-qunit": "^4.1.2",
				"karma-sauce-launcher": "^4.3.6",
				"nyc": "^15.1.0",
				"patch-package": "^6.4.7",
				"pretty-bytes-cli": "^1.0.0",
				"qunit": "2.10.1",
				"rollup": "^2.40.0",
				"terser": "^4.6.13"
			}
		}
	}
}
